
Microsoft Visual Studio Solution File, Format Version 12.00
# Visual Studio 2012
Project("{8BC9CEB8-8B4A-11D0-8D11-00A0C91BC942}") = "Noise", "Noise\Noise.vcxproj", "{532AE317-2715-4119-8FC9-1E08754CFBA7}"
EndProject
Global
	GlobalSection(SolutionConfigurationPlatforms) = preSolution
		Debug|Win32 = Debug|Win32
		Release|Win32 = Release|Win32
	EndGlobalSection
	GlobalSection(ProjectConfigurationPlatforms) = postSolution
		{532AE317-2715-4119-8FC9-1E08754CFBA7}.Debug|Win32.ActiveCfg = Debug|Win32
		{532AE317-2715-4119-8FC9-1E08754CFBA7}.Debug|Win32.Build.0 = Debug|Win32
		{532AE317-2715-4119-8FC9-1E08754CFBA7}.Release|Win32.ActiveCfg = Release|Win32
		{532AE317-2715-4119-8FC9-1E08754CFBA7}.Release|Win32.Build.0 = Release|Win32
	EndGlobalSection
	GlobalSection(SolutionProperties) = preSolution
		HideSolutionNode = FALSE
	EndGlobalSection
EndGlobal
